Microsoft Visual Studio Solution File, Format Version 12.00
# Visual Studio 14
VisualStudioVersion = 14.0.25420.1
MinimumVisualStudioVersion = 10.0.40219.1
Project("{FAE04EC0-301F-11D3-BF4B-00C04F79EFBC}") = "Unity.Console", "Unity.Console\Unity.Console.csproj", "{10B0872C-14C8-408E-9122-D1AE07EBD595}"
EndProject
Project("{FAE04EC0-301F-11D3-BF4B-00C04F79EFBC}") = "Unity.Console.Plugin", "Unity.Console.Plugin\Unity.Console.Plugin.csproj", "{E06F9CE1-5637-48EA-A1F9-E26485F54A4B}"
EndProject
Project("{FAE04EC0-301F-11D3-BF4B-00C04F79EFBC}") = "Unity.Python.Modules", "Unity.Python.Modules\Unity.Python.Modules.csproj", "{0BE7E7BF-C934-462E-9C32-DCC6C1DEE4BD}"
EndProject
Global
	GlobalSection(SolutionConfigurationPlatforms) = preSolution
		Unity4Debug|Any CPU = Unity4Debug|Any CPU
		Unity4Debug|Win32 = Unity4Debug|Win32
		Unity4Debug|x64 = Unity4Debug|x64
		Unity4Release|Any CPU = Unity4Release|Any CPU
		Unity4Release|Win32 = Unity4Release|Win32
		Unity4Release|x64 = Unity4Release|x64
		Unity5Debug|Any CPU = Unity5Debug|Any CPU
		Unity5Debug|Win32 = Unity5Debug|Win32
		Unity5Debug|x64 = Unity5Debug|x64
		Unity5Release|Any CPU = Unity5Release|Any CPU
		Unity5Release|Win32 = Unity5Release|Win32
		Unity5Release|x64 = Unity5Release|x64
	EndGlobalSection
	GlobalSection(ProjectConfigurationPlatforms) = postSolution
		{10B0872C-14C8-408E-9122-D1AE07EBD595}.Unity4Debug|Any CPU.ActiveCfg = Unity4Debug|Any CPU
		{10B0872C-14C8-408E-9122-D1AE07EBD595}.Unity4Debug|Any CPU.Build.0 = Unity4Debug|Any CPU
		{10B0872C-14C8-408E-9122-D1AE07EBD595}.Unity4Debug|Win32.ActiveCfg = Unity4Debug|Any CPU
		{10B0872C-14C8-408E-9122-D1AE07EBD595}.Unity4Debug|Win32.Build.0 = Unity4Debug|Any CPU
		{10B0872C-14C8-408E-9122-D1AE07EBD595}.Unity4Debug|x64.ActiveCfg = Unity4Debug|Any CPU
		{10B0872C-14C8-408E-9122-D1AE07EBD595}.Unity4Debug|x64.Build.0 = Unity4Debug|Any CPU
		{10B0872C-14C8-408E-9122-D1AE07EBD595}.Unity4Release|Any CPU.ActiveCfg = Unity4Release|Any CPU
		{10B0872C-14C8-408E-9122-D1AE07EBD595}.Unity4Release|Any CPU.Build.0 = Unity4Release|Any CPU
		{10B0872C-14C8-408E-9122-D1AE07EBD595}.Unity4Release|Win32.ActiveCfg = Unity5Debug|Any CPU
		{10B0872C-14C8-408E-9122-D1AE07EBD595}.Unity4Release|Win32.Build.0 = Unity5Debug|Any CPU
		{10B0872C-14C8-408E-9122-D1AE07EBD595}.Unity4Release|x64.ActiveCfg = Unity5Release|Any CPU
		{10B0872C-14C8-408E-9122-D1AE07EBD595}.Unity4Release|x64.Build.0 = Unity5Release|Any CPU
		{10B0872C-14C8-408E-9122-D1AE07EBD595}.Unity5Debug|Any CPU.ActiveCfg = Unity5Debug|Any CPU
		{10B0872C-14C8-408E-9122-D1AE07EBD595}.Unity5Debug|Any CPU.Build.0 = Unity5Debug|Any CPU
		{10B0872C-14C8-408E-9122-D1AE07EBD595}.Unity5Debug|Win32.ActiveCfg = Unity5Debug|Any CPU
		{10B0872C-14C8-408E-9122-D1AE07EBD595}.Unity5Debug|Win32.Build.0 = Unity5Debug|Any CPU
		{10B0872C-14C8-408E-9122-D1AE07EBD595}.Unity5Debug|x64.ActiveCfg = Unity5Debug|Any CPU
		{10B0872C-14C8-408E-9122-D1AE07EBD595}.Unity5Debug|x64.Build.0 = Unity5Debug|Any CPU
		{10B0872C-14C8-408E-9122-D1AE07EBD595}.Unity5Release|Any CPU.ActiveCfg = Unity5Release|Any CPU
		{10B0872C-14C8-408E-9122-D1AE07EBD595}.Unity5Release|Any CPU.Build.0 = Unity5Release|Any CPU
		{10B0872C-14C8-408E-9122-D1AE07EBD595}.Unity5Release|Win32.ActiveCfg = Unity5Debug|Any CPU
		{10B0872C-14C8-408E-9122-D1AE07EBD595}.Unity5Release|Win32.Build.0 = Unity5Debug|Any CPU
		{10B0872C-14C8-408E-9122-D1AE07EBD595}.Unity5Release|x64.ActiveCfg = Unity5Release|Any CPU
		{10B0872C-14C8-408E-9122-D1AE07EBD595}.Unity5Release|x64.Build.0 = Unity5Release|Any CPU
		{E06F9CE1-5637-48EA-A1F9-E26485F54A4B}.Unity4Debug|Any CPU.ActiveCfg = Unity4Debug|Any CPU
		{E06F9CE1-5637-48EA-A1F9-E26485F54A4B}.Unity4Debug|Any CPU.Build.0 = Unity4Debug|Any CPU
		{E06F9CE1-5637-48EA-A1F9-E26485F54A4B}.Unity4Debug|Win32.ActiveCfg = Unity4Debug|Any CPU
		{E06F9CE1-5637-48EA-A1F9-E26485F54A4B}.Unity4Debug|Win32.Build.0 = Unity4Debug|Any CPU
		{E06F9CE1-5637-48EA-A1F9-E26485F54A4B}.Unity4Debug|x64.ActiveCfg = Unity4Debug|Any CPU
		{E06F9CE1-5637-48EA-A1F9-E26485F54A4B}.Unity4Debug|x64.Build.0 = Unity4Debug|Any CPU
		{E06F9CE1-5637-48EA-A1F9-E26485F54A4B}.Unity4Release|Any CPU.ActiveCfg = Unity4Release|Any CPU
		{E06F9CE1-5637-48EA-A1F9-E26485F54A4B}.Unity4Release|Any CPU.Build.0 = Unity4Release|Any CPU
		{E06F9CE1-5637-48EA-A1F9-E26485F54A4B}.Unity4Release|Win32.ActiveCfg = Unity5Debug|Any CPU
		{E06F9CE1-5637-48EA-A1F9-E26485F54A4B}.Unity4Release|Win32.Build.0 = Unity5Debug|Any CPU
		{E06F9CE1-5637-48EA-A1F9-E26485F54A4B}.Unity4Release|x64.ActiveCfg = Unity5Release|Any CPU
		{E06F9CE1-5637-48EA-A1F9-E26485F54A4B}.Unity4Release|x64.Build.0 = Unity5Release|Any CPU
		{E06F9CE1-5637-48EA-A1F9-E26485F54A4B}.Unity5Debug|Any CPU.ActiveCfg = Unity5Debug|Any CPU
		{E06F9CE1-5637-48EA-A1F9-E26485F54A4B}.Unity5Debug|Any CPU.Build.0 = Unity5Debug|Any CPU
		{E06F9CE1-5637-48EA-A1F9-E26485F54A4B}.Unity5Debug|Win32.ActiveCfg = Unity5Debug|Any CPU
		{E06F9CE1-5637-48EA-A1F9-E26485F54A4B}.Unity5Debug|Win32.Build.0 = Unity5Debug|Any CPU
		{E06F9CE1-5637-48EA-A1F9-E26485F54A4B}.Unity5Debug|x64.ActiveCfg = Unity5Debug|Any CPU
		{E06F9CE1-5637-48EA-A1F9-E26485F54A4B}.Unity5Debug|x64.Build.0 = Unity5Debug|Any CPU
		{E06F9CE1-5637-48EA-A1F9-E26485F54A4B}.Unity5Release|Any CPU.ActiveCfg = Unity5Release|Any CPU
		{E06F9CE1-5637-48EA-A1F9-E26485F54A4B}.Unity5Release|Any CPU.Build.0 = Unity5Release|Any CPU
		{E06F9CE1-5637-48EA-A1F9-E26485F54A4B}.Unity5Release|Win32.ActiveCfg = Unity5Debug|Any CPU
		{E06F9CE1-5637-48EA-A1F9-E26485F54A4B}.Unity5Release|Win32.Build.0 = Unity5Debug|Any CPU
		{E06F9CE1-5637-48EA-A1F9-E26485F54A4B}.Unity5Release|x64.ActiveCfg = Unity5Release|Any CPU
		{E06F9CE1-5637-48EA-A1F9-E26485F54A4B}.Unity5Release|x64.Build.0 = Unity5Release|Any CPU
		{0BE7E7BF-C934-462E-9C32-DCC6C1DEE4BD}.Unity4Debug|Any CPU.ActiveCfg = Unity4Debug|Any CPU
		{0BE7E7BF-C934-462E-9C32-DCC6C1DEE4BD}.Unity4Debug|Any CPU.Build.0 = Unity4Debug|Any CPU
		{0BE7E7BF-C934-462E-9C32-DCC6C1DEE4BD}.Unity4Debug|Win32.ActiveCfg = Unity4Debug|Any CPU
		{0BE7E7BF-C934-462E-9C32-DCC6C1DEE4BD}.Unity4Debug|Win32.Build.0 = Unity4Debug|Any CPU
		{0BE7E7BF-C934-462E-9C32-DCC6C1DEE4BD}.Unity4Debug|x64.ActiveCfg = Unity4Debug|Any CPU
		{0BE7E7BF-C934-462E-9C32-DCC6C1DEE4BD}.Unity4Debug|x64.Build.0 = Unity4Debug|Any CPU
		{0BE7E7BF-C934-462E-9C32-DCC6C1DEE4BD}.Unity4Release|Any CPU.ActiveCfg = Unity4Release|Any CPU
		{0BE7E7BF-C934-462E-9C32-DCC6C1DEE4BD}.Unity4Release|Any CPU.Build.0 = Unity4Release|Any CPU
		{0BE7E7BF-C934-462E-9C32-DCC6C1DEE4BD}.Unity4Release|Win32.ActiveCfg = Unity5Debug|Any CPU
		{0BE7E7BF-C934-462E-9C32-DCC6C1DEE4BD}.Unity4Release|Win32.Build.0 = Unity5Debug|Any CPU
		{0BE7E7BF-C934-462E-9C32-DCC6C1DEE4BD}.Unity4Release|x64.ActiveCfg = Unity5Release|Any CPU
		{0BE7E7BF-C934-462E-9C32-DCC6C1DEE4BD}.Unity4Release|x64.Build.0 = Unity5Release|Any CPU
		{0BE7E7BF-C934-462E-9C32-DCC6C1DEE4BD}.Unity5Debug|Any CPU.ActiveCfg = Unity5Debug|Any CPU
		{0BE7E7BF-C934-462E-9C32-DCC6C1DEE4BD}.Unity5Debug|Any CPU.Build.0 = Unity5Debug|Any CPU
		{0BE7E7BF-C934-462E-9C32-DCC6C1DEE4BD}.Unity5Debug|Win32.ActiveCfg = Unity5Debug|Any CPU
		{0BE7E7BF-C934-462E-9C32-DCC6C1DEE4BD}.Unity5Debug|Win32.Build.0 = Unity5Debug|Any CPU
		{0BE7E7BF-C934-462E-9C32-DCC6C1DEE4BD}.Unity5Debug|x64.ActiveCfg = Unity5Debug|Any CPU
		{0BE7E7BF-C934-462E-9C32-DCC6C1DEE4BD}.Unity5Debug|x64.Build.0 = Unity5Debug|Any CPU
		{0BE7E7BF-C934-462E-9C32-DCC6C1DEE4BD}.Unity5Release|Any CPU.ActiveCfg = Unity5Release|Any CPU
		{0BE7E7BF-C934-462E-9C32-DCC6C1DEE4BD}.Unity5Release|Any CPU.Build.0 = Unity5Release|Any CPU
		{0BE7E7BF-C934-462E-9C32-DCC6C1DEE4BD}.Unity5Release|Win32.ActiveCfg = Unity5Debug|Any CPU
		{0BE7E7BF-C934-462E-9C32-DCC6C1DEE4BD}.Unity5Release|Win32.Build.0 = Unity5Debug|Any CPU
		{0BE7E7BF-C934-462E-9C32-DCC6C1DEE4BD}.Unity5Release|x64.ActiveCfg = Unity5Release|Any CPU
		{0BE7E7BF-C934-462E-9C32-DCC6C1DEE4BD}.Unity5Release|x64.Build.0 = Unity5Release|Any CPU
	EndGlobalSection
	GlobalSection(SolutionProperties) = preSolution
		HideSolutionNode = FALSE
	EndGlobalSection
EndGlobal
