Microsoft Visual Studio Solution File, Format Version 12.00
# Visual Studio Version 16
VisualStudioVersion = 16.0.29613.14
MinimumVisualStudioVersion = 10.0.40219.1
Project("{9A19103F-16F7-4668-BE54-9A1E7A4F7556}") = "Unity.Console", "Unity.Console\Unity.Console.csproj", "{10B0872C-14C8-408E-9122-D1AE07EBD595}"
EndProject
Project("{9A19103F-16F7-4668-BE54-9A1E7A4F7556}") = "Unity.Python.Modules", "Unity.Python.Modules\Unity.Python.Modules.csproj", "{0BE7E7BF-C934-462E-9C32-DCC6C1DEE4BD}"
EndProject
Project("{9A19103F-16F7-4668-BE54-9A1E7A4F7556}") = "Unity.Console.BepInEx", "Unity.Console.BepInEx\Unity.Console.BepInEx.csproj", "{E06F9CE1-5637-48EA-A1F9-E26485F54A4C}"
EndProject
Project("{9A19103F-16F7-4668-BE54-9A1E7A4F7556}") = "Unity.Console.UnityModManager", "Unity.Console.UnityModManager\Unity.Console.UnityModManager.csproj", "{1113430C-E024-4DB9-BEB0-8C60EFADB1BA}"
EndProject
Global
	GlobalSection(SolutionConfigurationPlatforms) = preSolution
		Debug|Any CPU = Debug|Any CPU
		Debug|Win32 = Debug|Win32
		Debug|x64 = Debug|x64
		Release|Any CPU = Release|Any CPU
		Release|Win32 = Release|Win32
		Release|x64 = Release|x64
		Unity2017Debug|Any CPU = Unity2017Debug|Any CPU
		Unity2017Debug|Win32 = Unity2017Debug|Win32
		Unity2017Debug|x64 = Unity2017Debug|x64
		Unity2017Release|Any CPU = Unity2017Release|Any CPU
		Unity2017Release|Win32 = Unity2017Release|Win32
		Unity2017Release|x64 = Unity2017Release|x64
		Unity2018Debug|Any CPU = Unity2018Debug|Any CPU
		Unity2018Debug|Win32 = Unity2018Debug|Win32
		Unity2018Debug|x64 = Unity2018Debug|x64
		Unity2018Release|Any CPU = Unity2018Release|Any CPU
		Unity2018Release|Win32 = Unity2018Release|Win32
		Unity2018Release|x64 = Unity2018Release|x64
		Unity2019Debug|Any CPU = Unity2019Debug|Any CPU
		Unity2019Debug|Win32 = Unity2019Debug|Win32
		Unity2019Debug|x64 = Unity2019Debug|x64
		Unity2019Release|Any CPU = Unity2019Release|Any CPU
		Unity2019Release|Win32 = Unity2019Release|Win32
		Unity2019Release|x64 = Unity2019Release|x64
		Unity4Debug|Any CPU = Unity4Debug|Any CPU
		Unity4Debug|Win32 = Unity4Debug|Win32
		Unity4Debug|x64 = Unity4Debug|x64
		Unity4Release|Any CPU = Unity4Release|Any CPU
		Unity4Release|Win32 = Unity4Release|Win32
		Unity4Release|x64 = Unity4Release|x64
		Unity5Debug|Any CPU = Unity5Debug|Any CPU
		Unity5Debug|Win32 = Unity5Debug|Win32
		Unity5Debug|x64 = Unity5Debug|x64
		Unity5Release|Any CPU = Unity5Release|Any CPU
		Unity5Release|Win32 = Unity5Release|Win32
		Unity5Release|x64 = Unity5Release|x64
	EndGlobalSection
	GlobalSection(ProjectConfigurationPlatforms) = postSolution
		{10B0872C-14C8-408E-9122-D1AE07EBD595}.Debug|Any CPU.ActiveCfg = Debug|Any CPU
		{10B0872C-14C8-408E-9122-D1AE07EBD595}.Debug|Any CPU.Build.0 = Debug|Any CPU
		{10B0872C-14C8-408E-9122-D1AE07EBD595}.Debug|Win32.ActiveCfg = Debug|Any CPU
		{10B0872C-14C8-408E-9122-D1AE07EBD595}.Debug|Win32.Build.0 = Debug|Any CPU
		{10B0872C-14C8-408E-9122-D1AE07EBD595}.Debug|x64.ActiveCfg = Debug|Any CPU
		{10B0872C-14C8-408E-9122-D1AE07EBD595}.Debug|x64.Build.0 = Debug|Any CPU
		{10B0872C-14C8-408E-9122-D1AE07EBD595}.Release|Any CPU.ActiveCfg = Debug|Any CPU
		{10B0872C-14C8-408E-9122-D1AE07EBD595}.Release|Any CPU.Build.0 = Debug|Any CPU
		{10B0872C-14C8-408E-9122-D1AE07EBD595}.Release|Win32.ActiveCfg = Debug|Any CPU
		{10B0872C-14C8-408E-9122-D1AE07EBD595}.Release|Win32.Build.0 = Debug|Any CPU
		{10B0872C-14C8-408E-9122-D1AE07EBD595}.Release|x64.ActiveCfg = Debug|Any CPU
		{10B0872C-14C8-408E-9122-D1AE07EBD595}.Release|x64.Build.0 = Debug|Any CPU
		{10B0872C-14C8-408E-9122-D1AE07EBD595}.Unity2017Debug|Any CPU.ActiveCfg = Debug|Any CPU
		{10B0872C-14C8-408E-9122-D1AE07EBD595}.Unity2017Debug|Any CPU.Build.0 = Debug|Any CPU
		{10B0872C-14C8-408E-9122-D1AE07EBD595}.Unity2017Debug|Win32.ActiveCfg = Debug|Any CPU
		{10B0872C-14C8-408E-9122-D1AE07EBD595}.Unity2017Debug|Win32.Build.0 = Debug|Any CPU
		{10B0872C-14C8-408E-9122-D1AE07EBD595}.Unity2017Debug|x64.ActiveCfg = Debug|Any CPU
		{10B0872C-14C8-408E-9122-D1AE07EBD595}.Unity2017Debug|x64.Build.0 = Debug|Any CPU
		{10B0872C-14C8-408E-9122-D1AE07EBD595}.Unity2017Release|Any CPU.ActiveCfg = Debug|Any CPU
		{10B0872C-14C8-408E-9122-D1AE07EBD595}.Unity2017Release|Any CPU.Build.0 = Debug|Any CPU
		{10B0872C-14C8-408E-9122-D1AE07EBD595}.Unity2017Release|Win32.ActiveCfg = Debug|Any CPU
		{10B0872C-14C8-408E-9122-D1AE07EBD595}.Unity2017Release|Win32.Build.0 = Debug|Any CPU
		{10B0872C-14C8-408E-9122-D1AE07EBD595}.Unity2017Release|x64.ActiveCfg = Debug|Any CPU
		{10B0872C-14C8-408E-9122-D1AE07EBD595}.Unity2017Release|x64.Build.0 = Debug|Any CPU
		{10B0872C-14C8-408E-9122-D1AE07EBD595}.Unity2018Debug|Any CPU.ActiveCfg = Debug|Any CPU
		{10B0872C-14C8-408E-9122-D1AE07EBD595}.Unity2018Debug|Any CPU.Build.0 = Debug|Any CPU
		{10B0872C-14C8-408E-9122-D1AE07EBD595}.Unity2018Debug|Win32.ActiveCfg = Debug|Any CPU
		{10B0872C-14C8-408E-9122-D1AE07EBD595}.Unity2018Debug|Win32.Build.0 = Debug|Any CPU
		{10B0872C-14C8-408E-9122-D1AE07EBD595}.Unity2018Debug|x64.ActiveCfg = Debug|Any CPU
		{10B0872C-14C8-408E-9122-D1AE07EBD595}.Unity2018Debug|x64.Build.0 = Debug|Any CPU
		{10B0872C-14C8-408E-9122-D1AE07EBD595}.Unity2018Release|Any CPU.ActiveCfg = Release|Any CPU
		{10B0872C-14C8-408E-9122-D1AE07EBD595}.Unity2018Release|Any CPU.Build.0 = Release|Any CPU
		{10B0872C-14C8-408E-9122-D1AE07EBD595}.Unity2018Release|Win32.ActiveCfg = Debug|Any CPU
		{10B0872C-14C8-408E-9122-D1AE07EBD595}.Unity2018Release|Win32.Build.0 = Debug|Any CPU
		{10B0872C-14C8-408E-9122-D1AE07EBD595}.Unity2018Release|x64.ActiveCfg = Debug|Any CPU
		{10B0872C-14C8-408E-9122-D1AE07EBD595}.Unity2018Release|x64.Build.0 = Debug|Any CPU
		{10B0872C-14C8-408E-9122-D1AE07EBD595}.Unity2019Debug|Any CPU.ActiveCfg = Debug|Any CPU
		{10B0872C-14C8-408E-9122-D1AE07EBD595}.Unity2019Debug|Any CPU.Build.0 = Debug|Any CPU
		{10B0872C-14C8-408E-9122-D1AE07EBD595}.Unity2019Debug|Win32.ActiveCfg = Debug|Any CPU
		{10B0872C-14C8-408E-9122-D1AE07EBD595}.Unity2019Debug|Win32.Build.0 = Debug|Any CPU
		{10B0872C-14C8-408E-9122-D1AE07EBD595}.Unity2019Debug|x64.ActiveCfg = Debug|Any CPU
		{10B0872C-14C8-408E-9122-D1AE07EBD595}.Unity2019Debug|x64.Build.0 = Debug|Any CPU
		{10B0872C-14C8-408E-9122-D1AE07EBD595}.Unity2019Release|Any CPU.ActiveCfg = Debug|Any CPU
		{10B0872C-14C8-408E-9122-D1AE07EBD595}.Unity2019Release|Any CPU.Build.0 = Debug|Any CPU
		{10B0872C-14C8-408E-9122-D1AE07EBD595}.Unity2019Release|Win32.ActiveCfg = Debug|Any CPU
		{10B0872C-14C8-408E-9122-D1AE07EBD595}.Unity2019Release|Win32.Build.0 = Debug|Any CPU
		{10B0872C-14C8-408E-9122-D1AE07EBD595}.Unity2019Release|x64.ActiveCfg = Debug|Any CPU
		{10B0872C-14C8-408E-9122-D1AE07EBD595}.Unity2019Release|x64.Build.0 = Debug|Any CPU
		{10B0872C-14C8-408E-9122-D1AE07EBD595}.Unity4Debug|Any CPU.ActiveCfg = Debug|Any CPU
		{10B0872C-14C8-408E-9122-D1AE07EBD595}.Unity4Debug|Any CPU.Build.0 = Debug|Any CPU
		{10B0872C-14C8-408E-9122-D1AE07EBD595}.Unity4Debug|Win32.ActiveCfg = Debug|Any CPU
		{10B0872C-14C8-408E-9122-D1AE07EBD595}.Unity4Debug|Win32.Build.0 = Debug|Any CPU
		{10B0872C-14C8-408E-9122-D1AE07EBD595}.Unity4Debug|x64.ActiveCfg = Debug|Any CPU
		{10B0872C-14C8-408E-9122-D1AE07EBD595}.Unity4Debug|x64.Build.0 = Debug|Any CPU
		{10B0872C-14C8-408E-9122-D1AE07EBD595}.Unity4Release|Any CPU.ActiveCfg = Debug|Any CPU
		{10B0872C-14C8-408E-9122-D1AE07EBD595}.Unity4Release|Any CPU.Build.0 = Debug|Any CPU
		{10B0872C-14C8-408E-9122-D1AE07EBD595}.Unity4Release|Win32.ActiveCfg = Debug|Any CPU
		{10B0872C-14C8-408E-9122-D1AE07EBD595}.Unity4Release|Win32.Build.0 = Debug|Any CPU
		{10B0872C-14C8-408E-9122-D1AE07EBD595}.Unity4Release|x64.ActiveCfg = Debug|Any CPU
		{10B0872C-14C8-408E-9122-D1AE07EBD595}.Unity4Release|x64.Build.0 = Debug|Any CPU
		{10B0872C-14C8-408E-9122-D1AE07EBD595}.Unity5Debug|Any CPU.ActiveCfg = Debug|Any CPU
		{10B0872C-14C8-408E-9122-D1AE07EBD595}.Unity5Debug|Any CPU.Build.0 = Debug|Any CPU
		{10B0872C-14C8-408E-9122-D1AE07EBD595}.Unity5Debug|Win32.ActiveCfg = Debug|Any CPU
		{10B0872C-14C8-408E-9122-D1AE07EBD595}.Unity5Debug|Win32.Build.0 = Debug|Any CPU
		{10B0872C-14C8-408E-9122-D1AE07EBD595}.Unity5Debug|x64.ActiveCfg = Debug|Any CPU
		{10B0872C-14C8-408E-9122-D1AE07EBD595}.Unity5Debug|x64.Build.0 = Debug|Any CPU
		{10B0872C-14C8-408E-9122-D1AE07EBD595}.Unity5Release|Any CPU.ActiveCfg = Debug|Any CPU
		{10B0872C-14C8-408E-9122-D1AE07EBD595}.Unity5Release|Any CPU.Build.0 = Debug|Any CPU
		{10B0872C-14C8-408E-9122-D1AE07EBD595}.Unity5Release|Win32.ActiveCfg = Debug|Any CPU
		{10B0872C-14C8-408E-9122-D1AE07EBD595}.Unity5Release|Win32.Build.0 = Debug|Any CPU
		{10B0872C-14C8-408E-9122-D1AE07EBD595}.Unity5Release|x64.ActiveCfg = Debug|Any CPU
		{10B0872C-14C8-408E-9122-D1AE07EBD595}.Unity5Release|x64.Build.0 = Debug|Any CPU
		{0BE7E7BF-C934-462E-9C32-DCC6C1DEE4BD}.Debug|Any CPU.ActiveCfg = Debug|Any CPU
		{0BE7E7BF-C934-462E-9C32-DCC6C1DEE4BD}.Debug|Any CPU.Build.0 = Debug|Any CPU
		{0BE7E7BF-C934-462E-9C32-DCC6C1DEE4BD}.Debug|Win32.ActiveCfg = Debug|Any CPU
		{0BE7E7BF-C934-462E-9C32-DCC6C1DEE4BD}.Debug|Win32.Build.0 = Debug|Any CPU
		{0BE7E7BF-C934-462E-9C32-DCC6C1DEE4BD}.Debug|x64.ActiveCfg = Debug|Any CPU
		{0BE7E7BF-C934-462E-9C32-DCC6C1DEE4BD}.Debug|x64.Build.0 = Debug|Any CPU
		{0BE7E7BF-C934-462E-9C32-DCC6C1DEE4BD}.Release|Any CPU.ActiveCfg = Debug|Any CPU
		{0BE7E7BF-C934-462E-9C32-DCC6C1DEE4BD}.Release|Any CPU.Build.0 = Debug|Any CPU
		{0BE7E7BF-C934-462E-9C32-DCC6C1DEE4BD}.Release|Win32.ActiveCfg = Debug|Any CPU
		{0BE7E7BF-C934-462E-9C32-DCC6C1DEE4BD}.Release|Win32.Build.0 = Debug|Any CPU
		{0BE7E7BF-C934-462E-9C32-DCC6C1DEE4BD}.Release|x64.ActiveCfg = Debug|Any CPU
		{0BE7E7BF-C934-462E-9C32-DCC6C1DEE4BD}.Release|x64.Build.0 = Debug|Any CPU
		{0BE7E7BF-C934-462E-9C32-DCC6C1DEE4BD}.Unity2017Debug|Any CPU.ActiveCfg = Debug|Any CPU
		{0BE7E7BF-C934-462E-9C32-DCC6C1DEE4BD}.Unity2017Debug|Any CPU.Build.0 = Debug|Any CPU
		{0BE7E7BF-C934-462E-9C32-DCC6C1DEE4BD}.Unity2017Debug|Win32.ActiveCfg = Debug|Any CPU
		{0BE7E7BF-C934-462E-9C32-DCC6C1DEE4BD}.Unity2017Debug|Win32.Build.0 = Debug|Any CPU
		{0BE7E7BF-C934-462E-9C32-DCC6C1DEE4BD}.Unity2017Debug|x64.ActiveCfg = Debug|Any CPU
		{0BE7E7BF-C934-462E-9C32-DCC6C1DEE4BD}.Unity2017Debug|x64.Build.0 = Debug|Any CPU
		{0BE7E7BF-C934-462E-9C32-DCC6C1DEE4BD}.Unity2017Release|Any CPU.ActiveCfg = Debug|Any CPU
		{0BE7E7BF-C934-462E-9C32-DCC6C1DEE4BD}.Unity2017Release|Any CPU.Build.0 = Debug|Any CPU
		{0BE7E7BF-C934-462E-9C32-DCC6C1DEE4BD}.Unity2017Release|Win32.ActiveCfg = Debug|Any CPU
		{0BE7E7BF-C934-462E-9C32-DCC6C1DEE4BD}.Unity2017Release|Win32.Build.0 = Debug|Any CPU
		{0BE7E7BF-C934-462E-9C32-DCC6C1DEE4BD}.Unity2017Release|x64.ActiveCfg = Debug|Any CPU
		{0BE7E7BF-C934-462E-9C32-DCC6C1DEE4BD}.Unity2017Release|x64.Build.0 = Debug|Any CPU
		{0BE7E7BF-C934-462E-9C32-DCC6C1DEE4BD}.Unity2018Debug|Any CPU.ActiveCfg = Debug|Any CPU
		{0BE7E7BF-C934-462E-9C32-DCC6C1DEE4BD}.Unity2018Debug|Any CPU.Build.0 = Debug|Any CPU
		{0BE7E7BF-C934-462E-9C32-DCC6C1DEE4BD}.Unity2018Debug|Win32.ActiveCfg = Debug|Any CPU
		{0BE7E7BF-C934-462E-9C32-DCC6C1DEE4BD}.Unity2018Debug|Win32.Build.0 = Debug|Any CPU
		{0BE7E7BF-C934-462E-9C32-DCC6C1DEE4BD}.Unity2018Debug|x64.ActiveCfg = Debug|Any CPU
		{0BE7E7BF-C934-462E-9C32-DCC6C1DEE4BD}.Unity2018Debug|x64.Build.0 = Debug|Any CPU
		{0BE7E7BF-C934-462E-9C32-DCC6C1DEE4BD}.Unity2018Release|Any CPU.ActiveCfg = Release|Any CPU
		{0BE7E7BF-C934-462E-9C32-DCC6C1DEE4BD}.Unity2018Release|Any CPU.Build.0 = Release|Any CPU
		{0BE7E7BF-C934-462E-9C32-DCC6C1DEE4BD}.Unity2018Release|Win32.ActiveCfg = Debug|Any CPU
		{0BE7E7BF-C934-462E-9C32-DCC6C1DEE4BD}.Unity2018Release|Win32.Build.0 = Debug|Any CPU
		{0BE7E7BF-C934-462E-9C32-DCC6C1DEE4BD}.Unity2018Release|x64.ActiveCfg = Debug|Any CPU
		{0BE7E7BF-C934-462E-9C32-DCC6C1DEE4BD}.Unity2018Release|x64.Build.0 = Debug|Any CPU
		{0BE7E7BF-C934-462E-9C32-DCC6C1DEE4BD}.Unity2019Debug|Any CPU.ActiveCfg = Debug|Any CPU
		{0BE7E7BF-C934-462E-9C32-DCC6C1DEE4BD}.Unity2019Debug|Any CPU.Build.0 = Debug|Any CPU
		{0BE7E7BF-C934-462E-9C32-DCC6C1DEE4BD}.Unity2019Debug|Win32.ActiveCfg = Debug|Any CPU
		{0BE7E7BF-C934-462E-9C32-DCC6C1DEE4BD}.Unity2019Debug|Win32.Build.0 = Debug|Any CPU
		{0BE7E7BF-C934-462E-9C32-DCC6C1DEE4BD}.Unity2019Debug|x64.ActiveCfg = Debug|Any CPU
		{0BE7E7BF-C934-462E-9C32-DCC6C1DEE4BD}.Unity2019Debug|x64.Build.0 = Debug|Any CPU
		{0BE7E7BF-C934-462E-9C32-DCC6C1DEE4BD}.Unity2019Release|Any CPU.ActiveCfg = Debug|Any CPU
		{0BE7E7BF-C934-462E-9C32-DCC6C1DEE4BD}.Unity2019Release|Any CPU.Build.0 = Debug|Any CPU
		{0BE7E7BF-C934-462E-9C32-DCC6C1DEE4BD}.Unity2019Release|Win32.ActiveCfg = Debug|Any CPU
		{0BE7E7BF-C934-462E-9C32-DCC6C1DEE4BD}.Unity2019Release|Win32.Build.0 = Debug|Any CPU
		{0BE7E7BF-C934-462E-9C32-DCC6C1DEE4BD}.Unity2019Release|x64.ActiveCfg = Debug|Any CPU
		{0BE7E7BF-C934-462E-9C32-DCC6C1DEE4BD}.Unity2019Release|x64.Build.0 = Debug|Any CPU
		{0BE7E7BF-C934-462E-9C32-DCC6C1DEE4BD}.Unity4Debug|Any CPU.ActiveCfg = Debug|Any CPU
		{0BE7E7BF-C934-462E-9C32-DCC6C1DEE4BD}.Unity4Debug|Any CPU.Build.0 = Debug|Any CPU
		{0BE7E7BF-C934-462E-9C32-DCC6C1DEE4BD}.Unity4Debug|Win32.ActiveCfg = Debug|Any CPU
		{0BE7E7BF-C934-462E-9C32-DCC6C1DEE4BD}.Unity4Debug|Win32.Build.0 = Debug|Any CPU
		{0BE7E7BF-C934-462E-9C32-DCC6C1DEE4BD}.Unity4Debug|x64.ActiveCfg = Debug|Any CPU
		{0BE7E7BF-C934-462E-9C32-DCC6C1DEE4BD}.Unity4Debug|x64.Build.0 = Debug|Any CPU
		{0BE7E7BF-C934-462E-9C32-DCC6C1DEE4BD}.Unity4Release|Any CPU.ActiveCfg = Debug|Any CPU
		{0BE7E7BF-C934-462E-9C32-DCC6C1DEE4BD}.Unity4Release|Any CPU.Build.0 = Debug|Any CPU
		{0BE7E7BF-C934-462E-9C32-DCC6C1DEE4BD}.Unity4Release|Win32.ActiveCfg = Debug|Any CPU
		{0BE7E7BF-C934-462E-9C32-DCC6C1DEE4BD}.Unity4Release|Win32.Build.0 = Debug|Any CPU
		{0BE7E7BF-C934-462E-9C32-DCC6C1DEE4BD}.Unity4Release|x64.ActiveCfg = Debug|Any CPU
		{0BE7E7BF-C934-462E-9C32-DCC6C1DEE4BD}.Unity4Release|x64.Build.0 = Debug|Any CPU
		{0BE7E7BF-C934-462E-9C32-DCC6C1DEE4BD}.Unity5Debug|Any CPU.ActiveCfg = Debug|Any CPU
		{0BE7E7BF-C934-462E-9C32-DCC6C1DEE4BD}.Unity5Debug|Any CPU.Build.0 = Debug|Any CPU
		{0BE7E7BF-C934-462E-9C32-DCC6C1DEE4BD}.Unity5Debug|Win32.ActiveCfg = Debug|Any CPU
		{0BE7E7BF-C934-462E-9C32-DCC6C1DEE4BD}.Unity5Debug|Win32.Build.0 = Debug|Any CPU
		{0BE7E7BF-C934-462E-9C32-DCC6C1DEE4BD}.Unity5Debug|x64.ActiveCfg = Debug|Any CPU
		{0BE7E7BF-C934-462E-9C32-DCC6C1DEE4BD}.Unity5Debug|x64.Build.0 = Debug|Any CPU
		{0BE7E7BF-C934-462E-9C32-DCC6C1DEE4BD}.Unity5Release|Any CPU.ActiveCfg = Debug|Any CPU
		{0BE7E7BF-C934-462E-9C32-DCC6C1DEE4BD}.Unity5Release|Any CPU.Build.0 = Debug|Any CPU
		{0BE7E7BF-C934-462E-9C32-DCC6C1DEE4BD}.Unity5Release|Win32.ActiveCfg = Debug|Any CPU
		{0BE7E7BF-C934-462E-9C32-DCC6C1DEE4BD}.Unity5Release|Win32.Build.0 = Debug|Any CPU
		{0BE7E7BF-C934-462E-9C32-DCC6C1DEE4BD}.Unity5Release|x64.ActiveCfg = Debug|Any CPU
		{0BE7E7BF-C934-462E-9C32-DCC6C1DEE4BD}.Unity5Release|x64.Build.0 = Debug|Any CPU
		{E06F9CE1-5637-48EA-A1F9-E26485F54A4C}.Debug|Any CPU.ActiveCfg = Debug|Any CPU
		{E06F9CE1-5637-48EA-A1F9-E26485F54A4C}.Debug|Any CPU.Build.0 = Debug|Any CPU
		{E06F9CE1-5637-48EA-A1F9-E26485F54A4C}.Debug|Win32.ActiveCfg = Debug|Any CPU
		{E06F9CE1-5637-48EA-A1F9-E26485F54A4C}.Debug|Win32.Build.0 = Debug|Any CPU
		{E06F9CE1-5637-48EA-A1F9-E26485F54A4C}.Debug|x64.ActiveCfg = Debug|Any CPU
		{E06F9CE1-5637-48EA-A1F9-E26485F54A4C}.Debug|x64.Build.0 = Debug|Any CPU
		{E06F9CE1-5637-48EA-A1F9-E26485F54A4C}.Release|Any CPU.ActiveCfg = Debug|Any CPU
		{E06F9CE1-5637-48EA-A1F9-E26485F54A4C}.Release|Any CPU.Build.0 = Debug|Any CPU
		{E06F9CE1-5637-48EA-A1F9-E26485F54A4C}.Release|Win32.ActiveCfg = Debug|Any CPU
		{E06F9CE1-5637-48EA-A1F9-E26485F54A4C}.Release|Win32.Build.0 = Debug|Any CPU
		{E06F9CE1-5637-48EA-A1F9-E26485F54A4C}.Release|x64.ActiveCfg = Debug|Any CPU
		{E06F9CE1-5637-48EA-A1F9-E26485F54A4C}.Release|x64.Build.0 = Debug|Any CPU
		{E06F9CE1-5637-48EA-A1F9-E26485F54A4C}.Unity2017Debug|Any CPU.ActiveCfg = Debug|Any CPU
		{E06F9CE1-5637-48EA-A1F9-E26485F54A4C}.Unity2017Debug|Any CPU.Build.0 = Debug|Any CPU
		{E06F9CE1-5637-48EA-A1F9-E26485F54A4C}.Unity2017Debug|Win32.ActiveCfg = Debug|Any CPU
		{E06F9CE1-5637-48EA-A1F9-E26485F54A4C}.Unity2017Debug|Win32.Build.0 = Debug|Any CPU
		{E06F9CE1-5637-48EA-A1F9-E26485F54A4C}.Unity2017Debug|x64.ActiveCfg = Debug|Any CPU
		{E06F9CE1-5637-48EA-A1F9-E26485F54A4C}.Unity2017Debug|x64.Build.0 = Debug|Any CPU
		{E06F9CE1-5637-48EA-A1F9-E26485F54A4C}.Unity2017Release|Any CPU.ActiveCfg = Debug|Any CPU
		{E06F9CE1-5637-48EA-A1F9-E26485F54A4C}.Unity2017Release|Any CPU.Build.0 = Debug|Any CPU
		{E06F9CE1-5637-48EA-A1F9-E26485F54A4C}.Unity2017Release|Win32.ActiveCfg = Debug|Any CPU
		{E06F9CE1-5637-48EA-A1F9-E26485F54A4C}.Unity2017Release|Win32.Build.0 = Debug|Any CPU
		{E06F9CE1-5637-48EA-A1F9-E26485F54A4C}.Unity2017Release|x64.ActiveCfg = Debug|Any CPU
		{E06F9CE1-5637-48EA-A1F9-E26485F54A4C}.Unity2017Release|x64.Build.0 = Debug|Any CPU
		{E06F9CE1-5637-48EA-A1F9-E26485F54A4C}.Unity2018Debug|Any CPU.ActiveCfg = Debug|Any CPU
		{E06F9CE1-5637-48EA-A1F9-E26485F54A4C}.Unity2018Debug|Any CPU.Build.0 = Debug|Any CPU
		{E06F9CE1-5637-48EA-A1F9-E26485F54A4C}.Unity2018Debug|Win32.ActiveCfg = Debug|Any CPU
		{E06F9CE1-5637-48EA-A1F9-E26485F54A4C}.Unity2018Debug|Win32.Build.0 = Debug|Any CPU
		{E06F9CE1-5637-48EA-A1F9-E26485F54A4C}.Unity2018Debug|x64.ActiveCfg = Debug|Any CPU
		{E06F9CE1-5637-48EA-A1F9-E26485F54A4C}.Unity2018Debug|x64.Build.0 = Debug|Any CPU
		{E06F9CE1-5637-48EA-A1F9-E26485F54A4C}.Unity2018Release|Any CPU.ActiveCfg = Debug|Any CPU
		{E06F9CE1-5637-48EA-A1F9-E26485F54A4C}.Unity2018Release|Any CPU.Build.0 = Debug|Any CPU
		{E06F9CE1-5637-48EA-A1F9-E26485F54A4C}.Unity2018Release|Win32.ActiveCfg = Debug|Any CPU
		{E06F9CE1-5637-48EA-A1F9-E26485F54A4C}.Unity2018Release|Win32.Build.0 = Debug|Any CPU
		{E06F9CE1-5637-48EA-A1F9-E26485F54A4C}.Unity2018Release|x64.ActiveCfg = Debug|Any CPU
		{E06F9CE1-5637-48EA-A1F9-E26485F54A4C}.Unity2018Release|x64.Build.0 = Debug|Any CPU
		{E06F9CE1-5637-48EA-A1F9-E26485F54A4C}.Unity2019Debug|Any CPU.ActiveCfg = Debug|Any CPU
		{E06F9CE1-5637-48EA-A1F9-E26485F54A4C}.Unity2019Debug|Any CPU.Build.0 = Debug|Any CPU
		{E06F9CE1-5637-48EA-A1F9-E26485F54A4C}.Unity2019Debug|Win32.ActiveCfg = Debug|Any CPU
		{E06F9CE1-5637-48EA-A1F9-E26485F54A4C}.Unity2019Debug|Win32.Build.0 = Debug|Any CPU
		{E06F9CE1-5637-48EA-A1F9-E26485F54A4C}.Unity2019Debug|x64.ActiveCfg = Debug|Any CPU
		{E06F9CE1-5637-48EA-A1F9-E26485F54A4C}.Unity2019Debug|x64.Build.0 = Debug|Any CPU
		{E06F9CE1-5637-48EA-A1F9-E26485F54A4C}.Unity2019Release|Any CPU.ActiveCfg = Debug|Any CPU
		{E06F9CE1-5637-48EA-A1F9-E26485F54A4C}.Unity2019Release|Any CPU.Build.0 = Debug|Any CPU
		{E06F9CE1-5637-48EA-A1F9-E26485F54A4C}.Unity2019Release|Win32.ActiveCfg = Debug|Any CPU
		{E06F9CE1-5637-48EA-A1F9-E26485F54A4C}.Unity2019Release|Win32.Build.0 = Debug|Any CPU
		{E06F9CE1-5637-48EA-A1F9-E26485F54A4C}.Unity2019Release|x64.ActiveCfg = Debug|Any CPU
		{E06F9CE1-5637-48EA-A1F9-E26485F54A4C}.Unity2019Release|x64.Build.0 = Debug|Any CPU
		{E06F9CE1-5637-48EA-A1F9-E26485F54A4C}.Unity4Debug|Any CPU.ActiveCfg = Debug|Any CPU
		{E06F9CE1-5637-48EA-A1F9-E26485F54A4C}.Unity4Debug|Any CPU.Build.0 = Debug|Any CPU
		{E06F9CE1-5637-48EA-A1F9-E26485F54A4C}.Unity4Debug|Win32.ActiveCfg = Debug|Any CPU
		{E06F9CE1-5637-48EA-A1F9-E26485F54A4C}.Unity4Debug|Win32.Build.0 = Debug|Any CPU
		{E06F9CE1-5637-48EA-A1F9-E26485F54A4C}.Unity4Debug|x64.ActiveCfg = Debug|Any CPU
		{E06F9CE1-5637-48EA-A1F9-E26485F54A4C}.Unity4Debug|x64.Build.0 = Debug|Any CPU
		{E06F9CE1-5637-48EA-A1F9-E26485F54A4C}.Unity4Release|Any CPU.ActiveCfg = Debug|Any CPU
		{E06F9CE1-5637-48EA-A1F9-E26485F54A4C}.Unity4Release|Any CPU.Build.0 = Debug|Any CPU
		{E06F9CE1-5637-48EA-A1F9-E26485F54A4C}.Unity4Release|Win32.ActiveCfg = Debug|Any CPU
		{E06F9CE1-5637-48EA-A1F9-E26485F54A4C}.Unity4Release|Win32.Build.0 = Debug|Any CPU
		{E06F9CE1-5637-48EA-A1F9-E26485F54A4C}.Unity4Release|x64.ActiveCfg = Debug|Any CPU
		{E06F9CE1-5637-48EA-A1F9-E26485F54A4C}.Unity4Release|x64.Build.0 = Debug|Any CPU
		{E06F9CE1-5637-48EA-A1F9-E26485F54A4C}.Unity5Debug|Any CPU.ActiveCfg = Debug|Any CPU
		{E06F9CE1-5637-48EA-A1F9-E26485F54A4C}.Unity5Debug|Any CPU.Build.0 = Debug|Any CPU
		{E06F9CE1-5637-48EA-A1F9-E26485F54A4C}.Unity5Debug|Win32.ActiveCfg = Debug|Any CPU
		{E06F9CE1-5637-48EA-A1F9-E26485F54A4C}.Unity5Debug|Win32.Build.0 = Debug|Any CPU
		{E06F9CE1-5637-48EA-A1F9-E26485F54A4C}.Unity5Debug|x64.ActiveCfg = Debug|Any CPU
		{E06F9CE1-5637-48EA-A1F9-E26485F54A4C}.Unity5Debug|x64.Build.0 = Debug|Any CPU
		{E06F9CE1-5637-48EA-A1F9-E26485F54A4C}.Unity5Release|Any CPU.ActiveCfg = Debug|Any CPU
		{E06F9CE1-5637-48EA-A1F9-E26485F54A4C}.Unity5Release|Any CPU.Build.0 = Debug|Any CPU
		{E06F9CE1-5637-48EA-A1F9-E26485F54A4C}.Unity5Release|Win32.ActiveCfg = Debug|Any CPU
		{E06F9CE1-5637-48EA-A1F9-E26485F54A4C}.Unity5Release|Win32.Build.0 = Debug|Any CPU
		{E06F9CE1-5637-48EA-A1F9-E26485F54A4C}.Unity5Release|x64.ActiveCfg = Debug|Any CPU
		{E06F9CE1-5637-48EA-A1F9-E26485F54A4C}.Unity5Release|x64.Build.0 = Debug|Any CPU
		{1113430C-E024-4DB9-BEB0-8C60EFADB1BA}.Debug|Any CPU.ActiveCfg = Debug|Any CPU
		{1113430C-E024-4DB9-BEB0-8C60EFADB1BA}.Debug|Any CPU.Build.0 = Debug|Any CPU
		{1113430C-E024-4DB9-BEB0-8C60EFADB1BA}.Debug|Win32.ActiveCfg = Debug|Any CPU
		{1113430C-E024-4DB9-BEB0-8C60EFADB1BA}.Debug|Win32.Build.0 = Debug|Any CPU
		{1113430C-E024-4DB9-BEB0-8C60EFADB1BA}.Debug|x64.ActiveCfg = Debug|Any CPU
		{1113430C-E024-4DB9-BEB0-8C60EFADB1BA}.Debug|x64.Build.0 = Debug|Any CPU
		{1113430C-E024-4DB9-BEB0-8C60EFADB1BA}.Release|Any CPU.ActiveCfg = Release|Any CPU
		{1113430C-E024-4DB9-BEB0-8C60EFADB1BA}.Release|Any CPU.Build.0 = Release|Any CPU
		{1113430C-E024-4DB9-BEB0-8C60EFADB1BA}.Release|Win32.ActiveCfg = Release|Any CPU
		{1113430C-E024-4DB9-BEB0-8C60EFADB1BA}.Release|Win32.Build.0 = Release|Any CPU
		{1113430C-E024-4DB9-BEB0-8C60EFADB1BA}.Release|x64.ActiveCfg = Release|Any CPU
		{1113430C-E024-4DB9-BEB0-8C60EFADB1BA}.Release|x64.Build.0 = Release|Any CPU
		{1113430C-E024-4DB9-BEB0-8C60EFADB1BA}.Unity2017Debug|Any CPU.ActiveCfg = Debug|Any CPU
		{1113430C-E024-4DB9-BEB0-8C60EFADB1BA}.Unity2017Debug|Any CPU.Build.0 = Debug|Any CPU
		{1113430C-E024-4DB9-BEB0-8C60EFADB1BA}.Unity2017Debug|Win32.ActiveCfg = Debug|Any CPU
		{1113430C-E024-4DB9-BEB0-8C60EFADB1BA}.Unity2017Debug|Win32.Build.0 = Debug|Any CPU
		{1113430C-E024-4DB9-BEB0-8C60EFADB1BA}.Unity2017Debug|x64.ActiveCfg = Debug|Any CPU
		{1113430C-E024-4DB9-BEB0-8C60EFADB1BA}.Unity2017Debug|x64.Build.0 = Debug|Any CPU
		{1113430C-E024-4DB9-BEB0-8C60EFADB1BA}.Unity2017Release|Any CPU.ActiveCfg = Release|Any CPU
		{1113430C-E024-4DB9-BEB0-8C60EFADB1BA}.Unity2017Release|Any CPU.Build.0 = Release|Any CPU
		{1113430C-E024-4DB9-BEB0-8C60EFADB1BA}.Unity2017Release|Win32.ActiveCfg = Release|Any CPU
		{1113430C-E024-4DB9-BEB0-8C60EFADB1BA}.Unity2017Release|Win32.Build.0 = Release|Any CPU
		{1113430C-E024-4DB9-BEB0-8C60EFADB1BA}.Unity2017Release|x64.ActiveCfg = Release|Any CPU
		{1113430C-E024-4DB9-BEB0-8C60EFADB1BA}.Unity2017Release|x64.Build.0 = Release|Any CPU
		{1113430C-E024-4DB9-BEB0-8C60EFADB1BA}.Unity2018Debug|Any CPU.ActiveCfg = Debug|Any CPU
		{1113430C-E024-4DB9-BEB0-8C60EFADB1BA}.Unity2018Debug|Any CPU.Build.0 = Debug|Any CPU
		{1113430C-E024-4DB9-BEB0-8C60EFADB1BA}.Unity2018Debug|Win32.ActiveCfg = Debug|Any CPU
		{1113430C-E024-4DB9-BEB0-8C60EFADB1BA}.Unity2018Debug|Win32.Build.0 = Debug|Any CPU
		{1113430C-E024-4DB9-BEB0-8C60EFADB1BA}.Unity2018Debug|x64.ActiveCfg = Debug|Any CPU
		{1113430C-E024-4DB9-BEB0-8C60EFADB1BA}.Unity2018Debug|x64.Build.0 = Debug|Any CPU
		{1113430C-E024-4DB9-BEB0-8C60EFADB1BA}.Unity2018Release|Any CPU.ActiveCfg = Release|Any CPU
		{1113430C-E024-4DB9-BEB0-8C60EFADB1BA}.Unity2018Release|Any CPU.Build.0 = Release|Any CPU
		{1113430C-E024-4DB9-BEB0-8C60EFADB1BA}.Unity2018Release|Win32.ActiveCfg = Release|Any CPU
		{1113430C-E024-4DB9-BEB0-8C60EFADB1BA}.Unity2018Release|Win32.Build.0 = Release|Any CPU
		{1113430C-E024-4DB9-BEB0-8C60EFADB1BA}.Unity2018Release|x64.ActiveCfg = Release|Any CPU
		{1113430C-E024-4DB9-BEB0-8C60EFADB1BA}.Unity2018Release|x64.Build.0 = Release|Any CPU
		{1113430C-E024-4DB9-BEB0-8C60EFADB1BA}.Unity2019Debug|Any CPU.ActiveCfg = Debug|Any CPU
		{1113430C-E024-4DB9-BEB0-8C60EFADB1BA}.Unity2019Debug|Any CPU.Build.0 = Debug|Any CPU
		{1113430C-E024-4DB9-BEB0-8C60EFADB1BA}.Unity2019Debug|Win32.ActiveCfg = Debug|Any CPU
		{1113430C-E024-4DB9-BEB0-8C60EFADB1BA}.Unity2019Debug|Win32.Build.0 = Debug|Any CPU
		{1113430C-E024-4DB9-BEB0-8C60EFADB1BA}.Unity2019Debug|x64.ActiveCfg = Debug|Any CPU
		{1113430C-E024-4DB9-BEB0-8C60EFADB1BA}.Unity2019Debug|x64.Build.0 = Debug|Any CPU
		{1113430C-E024-4DB9-BEB0-8C60EFADB1BA}.Unity2019Release|Any CPU.ActiveCfg = Debug|Any CPU
		{1113430C-E024-4DB9-BEB0-8C60EFADB1BA}.Unity2019Release|Any CPU.Build.0 = Debug|Any CPU
		{1113430C-E024-4DB9-BEB0-8C60EFADB1BA}.Unity2019Release|Win32.ActiveCfg = Release|Any CPU
		{1113430C-E024-4DB9-BEB0-8C60EFADB1BA}.Unity2019Release|Win32.Build.0 = Release|Any CPU
		{1113430C-E024-4DB9-BEB0-8C60EFADB1BA}.Unity2019Release|x64.ActiveCfg = Release|Any CPU
		{1113430C-E024-4DB9-BEB0-8C60EFADB1BA}.Unity2019Release|x64.Build.0 = Release|Any CPU
		{1113430C-E024-4DB9-BEB0-8C60EFADB1BA}.Unity4Debug|Any CPU.ActiveCfg = Debug|Any CPU
		{1113430C-E024-4DB9-BEB0-8C60EFADB1BA}.Unity4Debug|Any CPU.Build.0 = Debug|Any CPU
		{1113430C-E024-4DB9-BEB0-8C60EFADB1BA}.Unity4Debug|Win32.ActiveCfg = Debug|Any CPU
		{1113430C-E024-4DB9-BEB0-8C60EFADB1BA}.Unity4Debug|Win32.Build.0 = Debug|Any CPU
		{1113430C-E024-4DB9-BEB0-8C60EFADB1BA}.Unity4Debug|x64.ActiveCfg = Debug|Any CPU
		{1113430C-E024-4DB9-BEB0-8C60EFADB1BA}.Unity4Debug|x64.Build.0 = Debug|Any CPU
		{1113430C-E024-4DB9-BEB0-8C60EFADB1BA}.Unity4Release|Any CPU.ActiveCfg = Release|Any CPU
		{1113430C-E024-4DB9-BEB0-8C60EFADB1BA}.Unity4Release|Any CPU.Build.0 = Release|Any CPU
		{1113430C-E024-4DB9-BEB0-8C60EFADB1BA}.Unity4Release|Win32.ActiveCfg = Release|Any CPU
		{1113430C-E024-4DB9-BEB0-8C60EFADB1BA}.Unity4Release|Win32.Build.0 = Release|Any CPU
		{1113430C-E024-4DB9-BEB0-8C60EFADB1BA}.Unity4Release|x64.ActiveCfg = Release|Any CPU
		{1113430C-E024-4DB9-BEB0-8C60EFADB1BA}.Unity4Release|x64.Build.0 = Release|Any CPU
		{1113430C-E024-4DB9-BEB0-8C60EFADB1BA}.Unity5Debug|Any CPU.ActiveCfg = Debug|Any CPU
		{1113430C-E024-4DB9-BEB0-8C60EFADB1BA}.Unity5Debug|Any CPU.Build.0 = Debug|Any CPU
		{1113430C-E024-4DB9-BEB0-8C60EFADB1BA}.Unity5Debug|Win32.ActiveCfg = Debug|Any CPU
		{1113430C-E024-4DB9-BEB0-8C60EFADB1BA}.Unity5Debug|Win32.Build.0 = Debug|Any CPU
		{1113430C-E024-4DB9-BEB0-8C60EFADB1BA}.Unity5Debug|x64.ActiveCfg = Debug|Any CPU
		{1113430C-E024-4DB9-BEB0-8C60EFADB1BA}.Unity5Debug|x64.Build.0 = Debug|Any CPU
		{1113430C-E024-4DB9-BEB0-8C60EFADB1BA}.Unity5Release|Any CPU.ActiveCfg = Debug|Any CPU
		{1113430C-E024-4DB9-BEB0-8C60EFADB1BA}.Unity5Release|Any CPU.Build.0 = Debug|Any CPU
		{1113430C-E024-4DB9-BEB0-8C60EFADB1BA}.Unity5Release|Win32.ActiveCfg = Release|Any CPU
		{1113430C-E024-4DB9-BEB0-8C60EFADB1BA}.Unity5Release|Win32.Build.0 = Release|Any CPU
		{1113430C-E024-4DB9-BEB0-8C60EFADB1BA}.Unity5Release|x64.ActiveCfg = Release|Any CPU
		{1113430C-E024-4DB9-BEB0-8C60EFADB1BA}.Unity5Release|x64.Build.0 = Release|Any CPU
	EndGlobalSection
	GlobalSection(SolutionProperties) = preSolution
		HideSolutionNode = FALSE
	EndGlobalSection
	GlobalSection(ExtensibilityGlobals) = postSolution
		SolutionGuid = {96BD9721-AD93-454D-8B45-D98EF60B2489}
	EndGlobalSection
EndGlobal
